<?xml version="1.0" encoding="utf-8"?>
<Project ToolsVersion="4.0" xmlns="http://schemas.microsoft.com/developer/msbuild/2003">
  <ItemGroup>
    <Filter Include="includes">
      <UniqueIdentifier>{0D7B7F1F-8050-4EBF-AA5A-10808B148358}</UniqueIdentifier>
    </Filter>
    <Filter Include="includes\hallwatch">
      <UniqueIdentifier>{DBA8253D-3C46-42F9-8A67-9429716F2C83}</UniqueIdentifier>
    </Filter>
    <Filter Include="src">
      <UniqueIdentifier>{221AF920-054F-47E2-A7B3-0606DB5113C8}</UniqueIdentifier>
    </Filter>
    <Filter Include="src\engine">
      <UniqueIdentifier>{7FB091AA-A750-4E21-8BCB-1D4AE0EA8451}</UniqueIdentifier>
    </Filter>
  </ItemGroup>
  <ItemGroup>
    <ClInclude Include="includes\hallwatch.h"><Filter>includes</Filter></ClInclude>
    <ClInclude Include="includes\hallwatch\common.h"><Filter>includes\hallwatch</Filter></ClInclude>
    <ClInclude Include="includes\hallwatch\types.h"><Filter>includes\hallwatch</Filter></ClInclude>
    <ClInclude Include="includes\hallwatch\parser.h"><Filter>includes\hallwatch</Filter></ClInclude>
    <ClInclude Include="includes\hallwatch\ctx.h"><Filter>includes\hallwatch</Filter></ClInclude>
    <ClInclude Include="includes\hallwatch\hooks.h"><Filter>includes\hallwatch</Filter></ClInclude>
    <ClInclude Include="includes\hallwatch\console.h"><Filter>includes\hallwatch</Filter></ClInclude>
  </ItemGroup>
  <ItemGroup>
    <ClCompile Include="src\dllmain.cpp"><Filter>src</Filter></ClCompile>
    <ClCompile Include="src\hallwatch.cpp"><Filter>src</Filter></ClCompile>
    <ClCompile Include="src\engine\parser.cpp"><Filter>src\engine</Filter></ClCompile>
    <ClCompile Include="src\engine\ctx.cpp"><Filter>src\engine</Filter></ClCompile>
    <ClCompile Include="src\engine\hooks.cpp"><Filter>src\engine</Filter></ClCompile>
    <ClCompile Include="src\engine\console.cpp"><Filter>src\engine</Filter></ClCompile>
  </ItemGroup>
</Project>
